
Microsoft Visual Studio Solution File, Format Version 12.00
# Visual Studio 15
VisualStudioVersion = 15.0.28307.1321
MinimumVisualStudioVersion = 10.0.40219.1
Project("{FAE04EC0-301F-11D3-BF4B-00C04F79EFBC}") = "NumberToCharCOnversion", "NumberToCharCOnversion\NumberToCharCOnversion.csproj", "{DC11135B-85CC-48DB-BB54-4DAC21E62F03}"
EndProject
Global
	GlobalSection(SolutionConfigurationPlatforms) = preSolution
		Debug|Any CPU = Debug|Any CPU
		Release|Any CPU = Release|Any CPU
	EndGlobalSection
	GlobalSection(ProjectConfigurationPlatforms) = postSolution
		{DC11135B-85CC-48DB-BB54-4DAC21E62F03}.Debug|Any CPU.ActiveCfg = Debug|Any CPU
		{DC11135B-85CC-48DB-BB54-4DAC21E62F03}.Debug|Any CPU.Build.0 = Debug|Any CPU
		{DC11135B-85CC-48DB-BB54-4DAC21E62F03}.Release|Any CPU.ActiveCfg = Release|Any CPU
		{DC11135B-85CC-48DB-BB54-4DAC21E62F03}.Release|Any CPU.Build.0 = Release|Any CPU
	EndGlobalSection
	GlobalSection(SolutionProperties) = preSolution
		HideSolutionNode = FALSE
	EndGlobalSection
	GlobalSection(ExtensibilityGlobals) = postSolution
		SolutionGuid = {3DB43AB1-ADE0-45D7-9B24-C314A5553DA1}
	EndGlobalSection
EndGlobal
