
Microsoft Visual Studio Solution File, Format Version 12.00
# Visual Studio 15
VisualStudioVersion = 15.0.28307.1340
MinimumVisualStudioVersion = 10.0.40219.1
Project("{FAE04EC0-301F-11D3-BF4B-00C04F79EFBC}") = "StringIntro", "StringIntro\StringIntro.csproj", "{24340DAF-0956-465C-A67D-DF00124B23DB}"
EndProject
Global
	GlobalSection(SolutionConfigurationPlatforms) = preSolution
		Debug|Any CPU = Debug|Any CPU
		Release|Any CPU = Release|Any CPU
	EndGlobalSection
	GlobalSection(ProjectConfigurationPlatforms) = postSolution
		{24340DAF-0956-465C-A67D-DF00124B23DB}.Debug|Any CPU.ActiveCfg = Debug|Any CPU
		{24340DAF-0956-465C-A67D-DF00124B23DB}.Debug|Any CPU.Build.0 = Debug|Any CPU
		{24340DAF-0956-465C-A67D-DF00124B23DB}.Release|Any CPU.ActiveCfg = Release|Any CPU
		{24340DAF-0956-465C-A67D-DF00124B23DB}.Release|Any CPU.Build.0 = Release|Any CPU
	EndGlobalSection
	GlobalSection(SolutionProperties) = preSolution
		HideSolutionNode = FALSE
	EndGlobalSection
	GlobalSection(ExtensibilityGlobals) = postSolution
		SolutionGuid = {BC492043-92C0-4E4D-840D-C67279F16E3D}
	EndGlobalSection
EndGlobal
