
Microsoft Visual Studio Solution File, Format Version 12.00
# Visual Studio 15
VisualStudioVersion = 15.0.28307.1340
MinimumVisualStudioVersion = 10.0.40219.1
Project("{FAE04EC0-301F-11D3-BF4B-00C04F79EFBC}") = "BuildingDemo", "BuildingDemo\BuildingDemo.csproj", "{EBB4E9BD-6667-408E-9659-E619D51CB30B}"
EndProject
Global
	GlobalSection(SolutionConfigurationPlatforms) = preSolution
		Debug|Any CPU = Debug|Any CPU
		Release|Any CPU = Release|Any CPU
	EndGlobalSection
	GlobalSection(ProjectConfigurationPlatforms) = postSolution
		{EBB4E9BD-6667-408E-9659-E619D51CB30B}.Debug|Any CPU.ActiveCfg = Debug|Any CPU
		{EBB4E9BD-6667-408E-9659-E619D51CB30B}.Debug|Any CPU.Build.0 = Debug|Any CPU
		{EBB4E9BD-6667-408E-9659-E619D51CB30B}.Release|Any CPU.ActiveCfg = Release|Any CPU
		{EBB4E9BD-6667-408E-9659-E619D51CB30B}.Release|Any CPU.Build.0 = Release|Any CPU
	EndGlobalSection
	GlobalSection(SolutionProperties) = preSolution
		HideSolutionNode = FALSE
	EndGlobalSection
	GlobalSection(ExtensibilityGlobals) = postSolution
		SolutionGuid = {3846AA8C-E070-43DA-A29D-D7519B0873E1}
	EndGlobalSection
EndGlobal
