
Microsoft Visual Studio Solution File, Format Version 12.00
# Visual Studio 15
VisualStudioVersion = 15.0.28307.1340
MinimumVisualStudioVersion = 10.0.40219.1
Project("{FAE04EC0-301F-11D3-BF4B-00C04F79EFBC}") = "BlockDemo", "BlockDemo\BlockDemo.csproj", "{F68942EC-4B17-4B3E-955D-0E6F714CE56A}"
EndProject
Global
	GlobalSection(SolutionConfigurationPlatforms) = preSolution
		Debug|Any CPU = Debug|Any CPU
		Release|Any CPU = Release|Any CPU
	EndGlobalSection
	GlobalSection(ProjectConfigurationPlatforms) = postSolution
		{F68942EC-4B17-4B3E-955D-0E6F714CE56A}.Debug|Any CPU.ActiveCfg = Debug|Any CPU
		{F68942EC-4B17-4B3E-955D-0E6F714CE56A}.Debug|Any CPU.Build.0 = Debug|Any CPU
		{F68942EC-4B17-4B3E-955D-0E6F714CE56A}.Release|Any CPU.ActiveCfg = Release|Any CPU
		{F68942EC-4B17-4B3E-955D-0E6F714CE56A}.Release|Any CPU.Build.0 = Release|Any CPU
	EndGlobalSection
	GlobalSection(SolutionProperties) = preSolution
		HideSolutionNode = FALSE
	EndGlobalSection
	GlobalSection(ExtensibilityGlobals) = postSolution
		SolutionGuid = {D4C710AC-CD45-4060-86E1-4D48D517743B}
	EndGlobalSection
EndGlobal
