
Microsoft Visual Studio Solution File, Format Version 12.00
# Visual Studio 15
VisualStudioVersion = 15.0.28307.1340
MinimumVisualStudioVersion = 10.0.40219.1
Project("{FAE04EC0-301F-11D3-BF4B-00C04F79EFBC}") = "MultiDimensionalArray", "MultiDimensionalArray\MultiDimensionalArray.csproj", "{0415304E-1107-4B6F-AB16-6A0545E659AA}"
EndProject
Global
	GlobalSection(SolutionConfigurationPlatforms) = preSolution
		Debug|Any CPU = Debug|Any CPU
		Release|Any CPU = Release|Any CPU
	EndGlobalSection
	GlobalSection(ProjectConfigurationPlatforms) = postSolution
		{0415304E-1107-4B6F-AB16-6A0545E659AA}.Debug|Any CPU.ActiveCfg = Debug|Any CPU
		{0415304E-1107-4B6F-AB16-6A0545E659AA}.Debug|Any CPU.Build.0 = Debug|Any CPU
		{0415304E-1107-4B6F-AB16-6A0545E659AA}.Release|Any CPU.ActiveCfg = Release|Any CPU
		{0415304E-1107-4B6F-AB16-6A0545E659AA}.Release|Any CPU.Build.0 = Release|Any CPU
	EndGlobalSection
	GlobalSection(SolutionProperties) = preSolution
		HideSolutionNode = FALSE
	EndGlobalSection
	GlobalSection(ExtensibilityGlobals) = postSolution
		SolutionGuid = {6B594181-9602-44F8-A792-9A3B96329586}
	EndGlobalSection
EndGlobal
