
Microsoft Visual Studio Solution File, Format Version 12.00
# Visual Studio 15
VisualStudioVersion = 15.0.28307.1340
MinimumVisualStudioVersion = 10.0.40219.1
Project("{FAE04EC0-301F-11D3-BF4B-00C04F79EFBC}") = "Foreachloop", "Foreachloop\Foreachloop.csproj", "{F582D99D-387E-46D8-A6FC-2F6F507C4C45}"
EndProject
Global
	GlobalSection(SolutionConfigurationPlatforms) = preSolution
		Debug|Any CPU = Debug|Any CPU
		Release|Any CPU = Release|Any CPU
	EndGlobalSection
	GlobalSection(ProjectConfigurationPlatforms) = postSolution
		{F582D99D-387E-46D8-A6FC-2F6F507C4C45}.Debug|Any CPU.ActiveCfg = Debug|Any CPU
		{F582D99D-387E-46D8-A6FC-2F6F507C4C45}.Debug|Any CPU.Build.0 = Debug|Any CPU
		{F582D99D-387E-46D8-A6FC-2F6F507C4C45}.Release|Any CPU.ActiveCfg = Release|Any CPU
		{F582D99D-387E-46D8-A6FC-2F6F507C4C45}.Release|Any CPU.Build.0 = Release|Any CPU
	EndGlobalSection
	GlobalSection(SolutionProperties) = preSolution
		HideSolutionNode = FALSE
	EndGlobalSection
	GlobalSection(ExtensibilityGlobals) = postSolution
		SolutionGuid = {8BC1164D-835D-4C95-8552-AA91CE35A331}
	EndGlobalSection
EndGlobal
