
Microsoft Visual Studio Solution File, Format Version 12.00
# Visual Studio 15
VisualStudioVersion = 15.0.28307.1321
MinimumVisualStudioVersion = 10.0.40219.1
Project("{FAE04EC0-301F-11D3-BF4B-00C04F79EFBC}") = "Decimal_To_Binary_Conversion", "Decimal_To_Binary_Conversion\Decimal_To_Binary_Conversion.csproj", "{51F51C4E-EDE5-47D1-94D9-4690B3BECBEC}"
EndProject
Global
	GlobalSection(SolutionConfigurationPlatforms) = preSolution
		Debug|Any CPU = Debug|Any CPU
		Release|Any CPU = Release|Any CPU
	EndGlobalSection
	GlobalSection(ProjectConfigurationPlatforms) = postSolution
		{51F51C4E-EDE5-47D1-94D9-4690B3BECBEC}.Debug|Any CPU.ActiveCfg = Debug|Any CPU
		{51F51C4E-EDE5-47D1-94D9-4690B3BECBEC}.Debug|Any CPU.Build.0 = Debug|Any CPU
		{51F51C4E-EDE5-47D1-94D9-4690B3BECBEC}.Release|Any CPU.ActiveCfg = Release|Any CPU
		{51F51C4E-EDE5-47D1-94D9-4690B3BECBEC}.Release|Any CPU.Build.0 = Release|Any CPU
	EndGlobalSection
	GlobalSection(SolutionProperties) = preSolution
		HideSolutionNode = FALSE
	EndGlobalSection
	GlobalSection(ExtensibilityGlobals) = postSolution
		SolutionGuid = {7B8C6512-69CD-4D71-A618-9D8746D5DB5A}
	EndGlobalSection
EndGlobal
