
Microsoft Visual Studio Solution File, Format Version 12.00
# Visual Studio 15
VisualStudioVersion = 15.0.28307.1340
MinimumVisualStudioVersion = 10.0.40219.1
Project("{FAE04EC0-301F-11D3-BF4B-00C04F79EFBC}") = "CharAndBoolType", "CharAndBoolType\CharAndBoolType.csproj", "{EDB26924-BC8F-4844-8933-3E30970612A6}"
EndProject
Global
	GlobalSection(SolutionConfigurationPlatforms) = preSolution
		Debug|Any CPU = Debug|Any CPU
		Release|Any CPU = Release|Any CPU
	EndGlobalSection
	GlobalSection(ProjectConfigurationPlatforms) = postSolution
		{EDB26924-BC8F-4844-8933-3E30970612A6}.Debug|Any CPU.ActiveCfg = Debug|Any CPU
		{EDB26924-BC8F-4844-8933-3E30970612A6}.Debug|Any CPU.Build.0 = Debug|Any CPU
		{EDB26924-BC8F-4844-8933-3E30970612A6}.Release|Any CPU.ActiveCfg = Release|Any CPU
		{EDB26924-BC8F-4844-8933-3E30970612A6}.Release|Any CPU.Build.0 = Release|Any CPU
	EndGlobalSection
	GlobalSection(SolutionProperties) = preSolution
		HideSolutionNode = FALSE
	EndGlobalSection
	GlobalSection(ExtensibilityGlobals) = postSolution
		SolutionGuid = {95C5FF26-5E81-41D9-B61E-C7ABAF904820}
	EndGlobalSection
EndGlobal
